// !$*UTF8*$!
{
	archiveVersion = 1;
	classes = {
	};
	objectVersion = 50;
	objects = {

/* Begin PBXBuildFile section */
		F26735D920EF5C1F004DDE4F /* AppDelegate.swift in Sources */ = {isa = PBXBuildFile; fileRef = F26735D820EF5C1F004DDE4F /* AppDelegate.swift */; };
		F26735DB20EF5C1F004DDE4F /* ViewController.swift in Sources */ = {isa = PBXBuildFile; fileRef = F26735DA20EF5C1F004DDE4F /* ViewController.swift */; };
		F26735E020EF5C21004DDE4F /* Assets.xcassets in Resources */ = {isa = PBXBuildFile; fileRef = F26735DF20EF5C21004DDE4F /* Assets.xcassets */; };
		F26735E320EF5C21004DDE4F /* LaunchScreen.storyboard in Resources */ = {isa = PBXBuildFile; fileRef = F26735E120EF5C21004DDE4F /* LaunchScreen.storyboard */; };
		F267360320EF5E98004DDE4F /* elmBubbleArrowOrange@2x.png in Resources */ = {isa = PBXBuildFile; fileRef = F26735F520EF5E97004DDE4F /* elmBubbleArrowOrange@2x.png */; };
		F267360420EF5E98004DDE4F /* destinationPin@3x.png in Resources */ = {isa = PBXBuildFile; fileRef = F26735F620EF5E97004DDE4F /* destinationPin@3x.png */; };
		F267360520EF5E98004DDE4F /* destinationPin@2x.png in Resources */ = {isa = PBXBuildFile; fileRef = F26735F720EF5E97004DDE4F /* destinationPin@2x.png */; };
		F267360620EF5E98004DDE4F /* elmBubbleArrowOrange@3x.png in Resources */ = {isa = PBXBuildFile; fileRef = F26735F820EF5E97004DDE4F /* elmBubbleArrowOrange@3x.png */; };
		F267360720EF5E98004DDE4F /* btnDownFloor@2x.png in Resources */ = {isa = PBXBuildFile; fileRef = F26735F920EF5E97004DDE4F /* btnDownFloor@2x.png */; };
		F267360820EF5E98004DDE4F /* elmVenueIcon@2x.png in Resources */ = {isa = PBXBuildFile; fileRef = F26735FA20EF5E97004DDE4F /* elmVenueIcon@2x.png */; };
		F267360920EF5E98004DDE4F /* elmVenueIcon@3x.png in Resources */ = {isa = PBXBuildFile; fileRef = F26735FB20EF5E97004DDE4F /* elmVenueIcon@3x.png */; };
		F267360A20EF5E98004DDE4F /* btnDownFloor@3x.png in Resources */ = {isa = PBXBuildFile; fileRef = F26735FC20EF5E97004DDE4F /* btnDownFloor@3x.png */; };
		F267360B20EF5E98004DDE4F /* elmMapPin@2x.png in Resources */ = {isa = PBXBuildFile; fileRef = F26735FD20EF5E97004DDE4F /* elmMapPin@2x.png */; };
		F267360C20EF5E98004DDE4F /* btnUpFloor@2x.png in Resources */ = {isa = PBXBuildFile; fileRef = F26735FE20EF5E97004DDE4F /* btnUpFloor@2x.png */; };
		F267360D20EF5E98004DDE4F /* btnUpFloor@3x.png in Resources */ = {isa = PBXBuildFile; fileRef = F26735FF20EF5E97004DDE4F /* btnUpFloor@3x.png */; };
		F267360E20EF5E98004DDE4F /* elmMapPin@3x.png in Resources */ = {isa = PBXBuildFile; fileRef = F267360020EF5E97004DDE4F /* elmMapPin@3x.png */; };
		F267360F20EF5E98004DDE4F /* cancelRouteBtn@2x.png in Resources */ = {isa = PBXBuildFile; fileRef = F267360120EF5E97004DDE4F /* cancelRouteBtn@2x.png */; };
		F267361020EF5E98004DDE4F /* cancelRouteBtn@3x.png in Resources */ = {isa = PBXBuildFile; fileRef = F267360220EF5E97004DDE4F /* cancelRouteBtn@3x.png */; };
		F274BEFB21088AC40085B7FC /* CurrentLocation.swift in Sources */ = {isa = PBXBuildFile; fileRef = F274BEF621088AC30085B7FC /* CurrentLocation.swift */; };
		F274BEFC21088AC40085B7FC /* ErrorView.swift in Sources */ = {isa = PBXBuildFile; fileRef = F274BEF721088AC30085B7FC /* ErrorView.swift */; };
		F274BEFD21088AC40085B7FC /* MapPin.swift in Sources */ = {isa = PBXBuildFile; fileRef = F274BEF821088AC30085B7FC /* MapPin.swift */; };
		F274BEFE21088AC40085B7FC /* RouteEventView.swift in Sources */ = {isa = PBXBuildFile; fileRef = F274BEF921088AC30085B7FC /* RouteEventView.swift */; };
		F274BEFF21088AC40085B7FC /* UIKitAdditions.swift in Sources */ = {isa = PBXBuildFile; fileRef = F274BEFA21088AC40085B7FC /* UIKitAdditions.swift */; };
		F2CCEBDB20EF642A00F39702 /* Main.storyboard in Resources */ = {isa = PBXBuildFile; fileRef = F2CCEBDA20EF642A00F39702 /* Main.storyboard */; };
/* End PBXBuildFile section */

/* Begin PBXFileReference section */
		F215FDAB2146BF71004DABF2 /* Info.plist */ = {isa = PBXFileReference; fileEncoding = 4; lastKnownFileType = text.plist.xml; path = Info.plist; sourceTree = "<group>"; };
		F26735D520EF5C1F004DDE4F /* Navigine Example.app */ = {isa = PBXFileReference; explicitFileType = wrapper.application; includeInIndex = 0; path = "Navigine Example.app"; sourceTree = BUILT_PRODUCTS_DIR; };
		F26735D820EF5C1F004DDE4F /* AppDelegate.swift */ = {isa = PBXFileReference; lastKnownFileType = sourcecode.swift; path = AppDelegate.swift; sourceTree = "<group>"; };
		F26735DA20EF5C1F004DDE4F /* ViewController.swift */ = {isa = PBXFileReference; indentWidth = 2; lastKnownFileType = sourcecode.swift; path = ViewController.swift; sourceTree = "<group>"; tabWidth = 2; };
		F26735DF20EF5C21004DDE4F /* Assets.xcassets */ = {isa = PBXFileReference; lastKnownFileType = folder.assetcatalog; path = Assets.xcassets; sourceTree = "<group>"; };
		F26735E220EF5C21004DDE4F /* Base */ = {isa = PBXFileReference; lastKnownFileType = file.storyboard; name = Base; path = Base.lproj/LaunchScreen.storyboard; sourceTree = "<group>"; };
		F26735F520EF5E97004DDE4F /* elmBubbleArrowOrange@2x.png */ = {isa = PBXFileReference; lastKnownFileType = image.png; path = "elmBubbleArrowOrange@2x.png"; sourceTree = "<group>"; };
		F26735F620EF5E97004DDE4F /* destinationPin@3x.png */ = {isa = PBXFileReference; lastKnownFileType = image.png; path = "destinationPin@3x.png"; sourceTree = "<group>"; };
		F26735F720EF5E97004DDE4F /* destinationPin@2x.png */ = {isa = PBXFileReference; lastKnownFileType = image.png; path = "destinationPin@2x.png"; sourceTree = "<group>"; };
		F26735F820EF5E97004DDE4F /* elmBubbleArrowOrange@3x.png */ = {isa = PBXFileReference; lastKnownFileType = image.png; path = "elmBubbleArrowOrange@3x.png"; sourceTree = "<group>"; };
		F26735F920EF5E97004DDE4F /* btnDownFloor@2x.png */ = {isa = PBXFileReference; lastKnownFileType = image.png; path = "btnDownFloor@2x.png"; sourceTree = "<group>"; };
		F26735FA20EF5E97004DDE4F /* elmVenueIcon@2x.png */ = {isa = PBXFileReference; lastKnownFileType = image.png; path = "elmVenueIcon@2x.png"; sourceTree = "<group>"; };
		F26735FB20EF5E97004DDE4F /* elmVenueIcon@3x.png */ = {isa = PBXFileReference; lastKnownFileType = image.png; path = "elmVenueIcon@3x.png"; sourceTree = "<group>"; };
		F26735FC20EF5E97004DDE4F /* btnDownFloor@3x.png */ = {isa = PBXFileReference; lastKnownFileType = image.png; path = "btnDownFloor@3x.png"; sourceTree = "<group>"; };
		F26735FD20EF5E97004DDE4F /* elmMapPin@2x.png */ = {isa = PBXFileReference; lastKnownFileType = image.png; path = "elmMapPin@2x.png"; sourceTree = "<group>"; };
		F26735FE20EF5E97004DDE4F /* btnUpFloor@2x.png */ = {isa = PBXFileReference; lastKnownFileType = image.png; path = "btnUpFloor@2x.png"; sourceTree = "<group>"; };
		F26735FF20EF5E97004DDE4F /* btnUpFloor@3x.png */ = {isa = PBXFileReference; lastKnownFileType = image.png; path = "btnUpFloor@3x.png"; sourceTree = "<group>"; };
		F267360020EF5E97004DDE4F /* elmMapPin@3x.png */ = {isa = PBXFileReference; lastKnownFileType = image.png; path = "elmMapPin@3x.png"; sourceTree = "<group>"; };
		F267360120EF5E97004DDE4F /* cancelRouteBtn@2x.png */ = {isa = PBXFileReference; lastKnownFileType = image.png; path = "cancelRouteBtn@2x.png"; sourceTree = "<group>"; };
		F267360220EF5E97004DDE4F /* cancelRouteBtn@3x.png */ = {isa = PBXFileReference; lastKnownFileType = image.png; path = "cancelRouteBtn@3x.png"; sourceTree = "<group>"; };
		F274BEF621088AC30085B7FC /* CurrentLocation.swift */ = {isa = PBXFileReference; fileEncoding = 4; lastKnownFileType = sourcecode.swift; path = CurrentLocation.swift; sourceTree = "<group>"; };
		F274BEF721088AC30085B7FC /* ErrorView.swift */ = {isa = PBXFileReference; fileEncoding = 4; lastKnownFileType = sourcecode.swift; path = ErrorView.swift; sourceTree = "<group>"; };
		F274BEF821088AC30085B7FC /* MapPin.swift */ = {isa = PBXFileReference; fileEncoding = 4; lastKnownFileType = sourcecode.swift; path = MapPin.swift; sourceTree = "<group>"; };
		F274BEF921088AC30085B7FC /* RouteEventView.swift */ = {isa = PBXFileReference; fileEncoding = 4; indentWidth = 2; lastKnownFileType = sourcecode.swift; path = RouteEventView.swift; sourceTree = "<group>"; tabWidth = 2; };
		F274BEFA21088AC40085B7FC /* UIKitAdditions.swift */ = {isa = PBXFileReference; fileEncoding = 4; indentWidth = 2; lastKnownFileType = sourcecode.swift; path = UIKitAdditions.swift; sourceTree = "<group>"; tabWidth = 2; };
		F2CCEBDA20EF642A00F39702 /* Main.storyboard */ = {isa = PBXFileReference; lastKnownFileType = file.storyboard; path = Main.storyboard; sourceTree = "<group>"; };
		F2CCEBDC20EFB52C00F39702 /* Bridging-Header.h */ = {isa = PBXFileReference; fileEncoding = 4; lastKnownFileType = sourcecode.c.h; path = "Bridging-Header.h"; sourceTree = "<group>"; };
/* End PBXFileReference section */

/* Begin PBXFrameworksBuildPhase section */
		F26735D220EF5C1F004DDE4F /* Frameworks */ = {
			isa = PBXFrameworksBuildPhase;
			buildActionMask = 2147483647;
			files = (
			);
			runOnlyForDeploymentPostprocessing = 0;
		};
/* End PBXFrameworksBuildPhase section */

/* Begin PBXGroup section */
		F26735CC20EF5C1F004DDE4F = {
			isa = PBXGroup;
			children = (
				F26735D720EF5C1F004DDE4F /* Navigine Example */,
				F26735D620EF5C1F004DDE4F /* Products */,
				F85C792580ED49904BE11954 /* Pods */,
			);
			sourceTree = "<group>";
		};
		F26735D620EF5C1F004DDE4F /* Products */ = {
			isa = PBXGroup;
			children = (
				F26735D520EF5C1F004DDE4F /* Navigine Example.app */,
			);
			name = Products;
			sourceTree = "<group>";
		};
		F26735D720EF5C1F004DDE4F /* Navigine Example */ = {
			isa = PBXGroup;
			children = (
				F274BEF621088AC30085B7FC /* CurrentLocation.swift */,
				F274BEF721088AC30085B7FC /* ErrorView.swift */,
				F274BEF821088AC30085B7FC /* MapPin.swift */,
				F274BEF921088AC30085B7FC /* RouteEventView.swift */,
				F274BEFA21088AC40085B7FC /* UIKitAdditions.swift */,
				F215FDAB2146BF71004DABF2 /* Info.plist */,
				F26735F420EF5E97004DDE4F /* Images */,
				F2CCEBDC20EFB52C00F39702 /* Bridging-Header.h */,
				F26735D820EF5C1F004DDE4F /* AppDelegate.swift */,
				F26735DA20EF5C1F004DDE4F /* ViewController.swift */,
				F26735DF20EF5C21004DDE4F /* Assets.xcassets */,
				F26735E120EF5C21004DDE4F /* LaunchScreen.storyboard */,
				F2CCEBDA20EF642A00F39702 /* Main.storyboard */,
			);
			path = "Navigine Example";
			sourceTree = "<group>";
		};
		F26735F420EF5E97004DDE4F /* Images */ = {
			isa = PBXGroup;
			children = (
				F26735F520EF5E97004DDE4F /* elmBubbleArrowOrange@2x.png */,
				F26735F620EF5E97004DDE4F /* destinationPin@3x.png */,
				F26735F720EF5E97004DDE4F /* destinationPin@2x.png */,
				F26735F820EF5E97004DDE4F /* elmBubbleArrowOrange@3x.png */,
				F26735F920EF5E97004DDE4F /* btnDownFloor@2x.png */,
				F26735FA20EF5E97004DDE4F /* elmVenueIcon@2x.png */,
				F26735FB20EF5E97004DDE4F /* elmVenueIcon@3x.png */,
				F26735FC20EF5E97004DDE4F /* btnDownFloor@3x.png */,
				F26735FD20EF5E97004DDE4F /* elmMapPin@2x.png */,
				F26735FE20EF5E97004DDE4F /* btnUpFloor@2x.png */,
				F26735FF20EF5E97004DDE4F /* btnUpFloor@3x.png */,
				F267360020EF5E97004DDE4F /* elmMapPin@3x.png */,
				F267360120EF5E97004DDE4F /* cancelRouteBtn@2x.png */,
				F267360220EF5E97004DDE4F /* cancelRouteBtn@3x.png */,
			);
			path = Images;
			sourceTree = "<group>";
		};
		F85C792580ED49904BE11954 /* Pods */ = {
			isa = PBXGroup;
			children = (
			);
			path = Pods;
			sourceTree = "<group>";
		};
/* End PBXGroup section */

/* Begin PBXNativeTarget section */
		F26735D420EF5C1F004DDE4F /* Navigine Example */ = {
			isa = PBXNativeTarget;
			buildConfigurationList = F26735E720EF5C21004DDE4F /* Build configuration list for PBXNativeTarget "Navigine Example" */;
			buildPhases = (
				F26735D120EF5C1F004DDE4F /* Sources */,
				F26735D220EF5C1F004DDE4F /* Frameworks */,
				F26735D320EF5C1F004DDE4F /* Resources */,
			);
			buildRules = (
			);
			dependencies = (
			);
			name = "Navigine Example";
			productName = "Navigine Example";
			productReference = F26735D520EF5C1F004DDE4F /* Navigine Example.app */;
			productType = "com.apple.product-type.application";
		};
/* End PBXNativeTarget section */

/* Begin PBXProject section */
		F26735CD20EF5C1F004DDE4F /* Project object */ = {
			isa = PBXProject;
			attributes = {
				LastSwiftUpdateCheck = 0940;
				LastUpgradeCheck = 1010;
				ORGANIZATIONNAME = Navigine;
				TargetAttributes = {
					F26735D420EF5C1F004DDE4F = {
						CreatedOnToolsVersion = 9.4.1;
						LastSwiftMigration = 1020;
					};
				};
			};
			buildConfigurationList = F26735D020EF5C1F004DDE4F /* Build configuration list for PBXProject "Navigine Example" */;
			compatibilityVersion = "Xcode 9.3";
			developmentRegion = en;
			hasScannedForEncodings = 0;
			knownRegions = (
				en,
				Base,
			);
			mainGroup = F26735CC20EF5C1F004DDE4F;
			productRefGroup = F26735D620EF5C1F004DDE4F /* Products */;
			projectDirPath = "";
			projectRoot = "";
			targets = (
				F26735D420EF5C1F004DDE4F /* Navigine Example */,
			);
		};
/* End PBXProject section */

/* Begin PBXResourcesBuildPhase section */
		F26735D320EF5C1F004DDE4F /* Resources */ = {
			isa = PBXResourcesBuildPhase;
			buildActionMask = 2147483647;
			files = (
				F26735E320EF5C21004DDE4F /* LaunchScreen.storyboard in Resources */,
				F267360320EF5E98004DDE4F /* elmBubbleArrowOrange@2x.png in Resources */,
				F26735E020EF5C21004DDE4F /* Assets.xcassets in Resources */,
				F267360920EF5E98004DDE4F /* elmVenueIcon@3x.png in Resources */,
				F267360E20EF5E98004DDE4F /* elmMapPin@3x.png in Resources */,
				F267360C20EF5E98004DDE4F /* btnUpFloor@2x.png in Resources */,
				F2CCEBDB20EF642A00F39702 /* Main.storyboard in Resources */,
				F267360B20EF5E98004DDE4F /* elmMapPin@2x.png in Resources */,
				F267360A20EF5E98004DDE4F /* btnDownFloor@3x.png in Resources */,
				F267360620EF5E98004DDE4F /* elmBubbleArrowOrange@3x.png in Resources */,
				F267360420EF5E98004DDE4F /* destinationPin@3x.png in Resources */,
				F267360F20EF5E98004DDE4F /* cancelRouteBtn@2x.png in Resources */,
				F267361020EF5E98004DDE4F /* cancelRouteBtn@3x.png in Resources */,
				F267360720EF5E98004DDE4F /* btnDownFloor@2x.png in Resources */,
				F267360820EF5E98004DDE4F /* elmVenueIcon@2x.png in Resources */,
				F267360D20EF5E98004DDE4F /* btnUpFloor@3x.png in Resources */,
				F267360520EF5E98004DDE4F /* destinationPin@2x.png in Resources */,
			);
			runOnlyForDeploymentPostprocessing = 0;
		};
/* End PBXResourcesBuildPhase section */

/* Begin PBXSourcesBuildPhase section */
		F26735D120EF5C1F004DDE4F /* Sources */ = {
			isa = PBXSourcesBuildPhase;
			buildActionMask = 2147483647;
			files = (
				F274BEFB21088AC40085B7FC /* CurrentLocation.swift in Sources */,
				F274BEFD21088AC40085B7FC /* MapPin.swift in Sources */,
				F26735DB20EF5C1F004DDE4F /* ViewController.swift in Sources */,
				F274BEFE21088AC40085B7FC /* RouteEventView.swift in Sources */,
				F26735D920EF5C1F004DDE4F /* AppDelegate.swift in Sources */,
				F274BEFF21088AC40085B7FC /* UIKitAdditions.swift in Sources */,
				F274BEFC21088AC40085B7FC /* ErrorView.swift in Sources */,
			);
			runOnlyForDeploymentPostprocessing = 0;
		};
/* End PBXSourcesBuildPhase section */

/* Begin PBXVariantGroup section */
		F26735E120EF5C21004DDE4F /* LaunchScreen.storyboard */ = {
			isa = PBXVariantGroup;
			children = (
				F26735E220EF5C21004DDE4F /* Base */,
			);
			name = LaunchScreen.storyboard;
			sourceTree = "<group>";
		};
/* End PBXVariantGroup section */

/* Begin XCBuildConfiguration section */
		F26735E520EF5C21004DDE4F /* Debug */ = {
			isa = XCBuildConfiguration;
			buildSettings = {
				ALWAYS_SEARCH_USER_PATHS = NO;
				CLANG_ANALYZER_NONNULL = YES;
				CLANG_ANALYZER_NUMBER_OBJECT_CONVERSION = YES_AGGRESSIVE;
				CLANG_CXX_LANGUAGE_STANDARD = "gnu++14";
				CLANG_CXX_LIBRARY = "libc++";
				CLANG_ENABLE_MODULES = YES;
				CLANG_ENABLE_OBJC_ARC = YES;
				CLANG_ENABLE_OBJC_WEAK = YES;
				CLANG_WARN_BLOCK_CAPTURE_AUTORELEASING = YES;
				CLANG_WARN_BOOL_CONVERSION = YES;
				CLANG_WARN_COMMA = YES;
				CLANG_WARN_CONSTANT_CONVERSION = YES;
				CLANG_WARN_DEPRECATED_OBJC_IMPLEMENTATIONS = YES;
				CLANG_WARN_DIRECT_OBJC_ISA_USAGE = YES_ERROR;
				CLANG_WARN_DOCUMENTATION_COMMENTS = YES;
				CLANG_WARN_EMPTY_BODY = YES;
				CLANG_WARN_ENUM_CONVERSION = YES;
				CLANG_WARN_INFINITE_RECURSION = YES;
				CLANG_WARN_INT_CONVERSION = YES;
				CLANG_WARN_NON_LITERAL_NULL_CONVERSION = YES;
				CLANG_WARN_OBJC_IMPLICIT_RETAIN_SELF = YES;
				CLANG_WARN_OBJC_LITERAL_CONVERSION = YES;
				CLANG_WARN_OBJC_ROOT_CLASS = YES_ERROR;
				CLANG_WARN_RANGE_LOOP_ANALYSIS = YES;
				CLANG_WARN_STRICT_PROTOTYPES = YES;
				CLANG_WARN_SUSPICIOUS_MOVE = YES;
				CLANG_WARN_UNGUARDED_AVAILABILITY = YES_AGGRESSIVE;
				CLANG_WARN_UNREACHABLE_CODE = YES;
				CLANG_WARN__DUPLICATE_METHOD_MATCH = YES;
				CODE_SIGN_IDENTITY = "iPhone Developer";
				COPY_PHASE_STRIP = NO;
				DEBUG_INFORMATION_FORMAT = dwarf;
				EMBED_ASSET_PACKS_IN_PRODUCT_BUNDLE = YES;
				ENABLE_ON_DEMAND_RESOURCES = YES;
				ENABLE_STRICT_OBJC_MSGSEND = YES;
				ENABLE_TESTABILITY = YES;
				GCC_C_LANGUAGE_STANDARD = gnu11;
				GCC_DYNAMIC_NO_PIC = NO;
				GCC_NO_COMMON_BLOCKS = YES;
				GCC_OPTIMIZATION_LEVEL = 0;
				GCC_PREPROCESSOR_DEFINITIONS = (
					"DEBUG=1",
					"$(inherited)",
				);
				GCC_WARN_64_TO_32_BIT_CONVERSION = YES;
				GCC_WARN_ABOUT_RETURN_TYPE = YES_ERROR;
				GCC_WARN_UNDECLARED_SELECTOR = YES;
				GCC_WARN_UNINITIALIZED_AUTOS = YES_AGGRESSIVE;
				GCC_WARN_UNUSED_FUNCTION = YES;
				GCC_WARN_UNUSED_VARIABLE = YES;
				IPHONEOS_DEPLOYMENT_TARGET = 9.1;
				MTL_ENABLE_DEBUG_INFO = YES;
				ONLY_ACTIVE_ARCH = YES;
				SDKROOT = iphoneos;
				SWIFT_ACTIVE_COMPILATION_CONDITIONS = DEBUG;
				SWIFT_OBJC_BRIDGING_HEADER = "Navigine Example/Bridging-Header.h";
				SWIFT_OPTIMIZATION_LEVEL = "-Onone";
			};
			name = Debug;
		};
		F26735E620EF5C21004DDE4F /* Release */ = {
			isa = XCBuildConfiguration;
			buildSettings = {
				ALWAYS_SEARCH_USER_PATHS = NO;
				CLANG_ANALYZER_NONNULL = YES;
				CLANG_ANALYZER_NUMBER_OBJECT_CONVERSION = YES_AGGRESSIVE;
				CLANG_CXX_LANGUAGE_STANDARD = "gnu++14";
				CLANG_CXX_LIBRARY = "libc++";
				CLANG_ENABLE_MODULES = YES;
				CLANG_ENABLE_OBJC_ARC = YES;
				CLANG_ENABLE_OBJC_WEAK = YES;
				CLANG_WARN_BLOCK_CAPTURE_AUTORELEASING = YES;
				CLANG_WARN_BOOL_CONVERSION = YES;
				CLANG_WARN_COMMA = YES;
				CLANG_WARN_CONSTANT_CONVERSION = YES;
				CLANG_WARN_DEPRECATED_OBJC_IMPLEMENTATIONS = YES;
				CLANG_WARN_DIRECT_OBJC_ISA_USAGE = YES_ERROR;
				CLANG_WARN_DOCUMENTATION_COMMENTS = YES;
				CLANG_WARN_EMPTY_BODY = YES;
				CLANG_WARN_ENUM_CONVERSION = YES;
				CLANG_WARN_INFINITE_RECURSION = YES;
				CLANG_WARN_INT_CONVERSION = YES;
				CLANG_WARN_NON_LITERAL_NULL_CONVERSION = YES;
				CLANG_WARN_OBJC_IMPLICIT_RETAIN_SELF = YES;
				CLANG_WARN_OBJC_LITERAL_CONVERSION = YES;
				CLANG_WARN_OBJC_ROOT_CLASS = YES_ERROR;
				CLANG_WARN_RANGE_LOOP_ANALYSIS = YES;
				CLANG_WARN_STRICT_PROTOTYPES = YES;
				CLANG_WARN_SUSPICIOUS_MOVE = YES;
				CLANG_WARN_UNGUARDED_AVAILABILITY = YES_AGGRESSIVE;
				CLANG_WARN_UNREACHABLE_CODE = YES;
				CLANG_WARN__DUPLICATE_METHOD_MATCH = YES;
				CODE_SIGN_IDENTITY = "iPhone Developer";
				COPY_PHASE_STRIP = NO;
				DEBUG_INFORMATION_FORMAT = "dwarf-with-dsym";
				EMBED_ASSET_PACKS_IN_PRODUCT_BUNDLE = YES;
				ENABLE_NS_ASSERTIONS = NO;
				ENABLE_ON_DEMAND_RESOURCES = YES;
				ENABLE_STRICT_OBJC_MSGSEND = YES;
				GCC_C_LANGUAGE_STANDARD = gnu11;
				GCC_NO_COMMON_BLOCKS = YES;
				GCC_WARN_64_TO_32_BIT_CONVERSION = YES;
				GCC_WARN_ABOUT_RETURN_TYPE = YES_ERROR;
				GCC_WARN_UNDECLARED_SELECTOR = YES;
				GCC_WARN_UNINITIALIZED_AUTOS = YES_AGGRESSIVE;
				GCC_WARN_UNUSED_FUNCTION = YES;
				GCC_WARN_UNUSED_VARIABLE = YES;
				IPHONEOS_DEPLOYMENT_TARGET = 9.1;
				MTL_ENABLE_DEBUG_INFO = NO;
				SDKROOT = iphoneos;
				SWIFT_COMPILATION_MODE = wholemodule;
				SWIFT_OBJC_BRIDGING_HEADER = "Navigine Example/Bridging-Header.h";
				SWIFT_OPTIMIZATION_LEVEL = "-O";
				VALIDATE_PRODUCT = YES;
			};
			name = Release;
		};
		F26735E820EF5C21004DDE4F /* Debug */ = {
			isa = XCBuildConfiguration;
			buildSettings = {
				ASSETCATALOG_COMPILER_APPICON_NAME = AppIcon;
				ASSETCATALOG_COMPILER_LAUNCHIMAGE_NAME = LaunchScreen;
				CODE_SIGN_STYLE = Automatic;
				DEVELOPMENT_TEAM = 9L9SSEDTLA;
				INFOPLIST_FILE = "Navigine Example/Info.plist";
				IPHONEOS_DEPLOYMENT_TARGET = 9.1;
				LD_RUNPATH_SEARCH_PATHS = (
					"$(inherited)",
					"@executable_path/Frameworks",
				);
				PRODUCT_BUNDLE_IDENTIFIER = "Navigine.Navigine-Example";
				PRODUCT_NAME = "$(TARGET_NAME)";
				SWIFT_VERSION = 5.0;
				TARGETED_DEVICE_FAMILY = "1,2";
			};
			name = Debug;
		};
		F26735E920EF5C21004DDE4F /* Release */ = {
			isa = XCBuildConfiguration;
			buildSettings = {
				ASSETCATALOG_COMPILER_APPICON_NAME = AppIcon;
				ASSETCATALOG_COMPILER_LAUNCHIMAGE_NAME = LaunchScreen;
				CODE_SIGN_STYLE = Automatic;
				DEVELOPMENT_TEAM = 9L9SSEDTLA;
				INFOPLIST_FILE = "Navigine Example/Info.plist";
				IPHONEOS_DEPLOYMENT_TARGET = 9.1;
				LD_RUNPATH_SEARCH_PATHS = (
					"$(inherited)",
					"@executable_path/Frameworks",
				);
				PRODUCT_BUNDLE_IDENTIFIER = "Navigine.Navigine-Example";
				PRODUCT_NAME = "$(TARGET_NAME)";
				SWIFT_VERSION = 5.0;
				TARGETED_DEVICE_FAMILY = "1,2";
			};
			name = Release;
		};
/* End XCBuildConfiguration section */

/* Begin XCConfigurationList section */
		F26735D020EF5C1F004DDE4F /* Build configuration list for PBXProject "Navigine Example" */ = {
			isa = XCConfigurationList;
			buildConfigurations = (
				F26735E520EF5C21004DDE4F /* Debug */,
				F26735E620EF5C21004DDE4F /* Release */,
			);
			defaultConfigurationIsVisible = 0;
			defaultConfigurationName = Release;
		};
		F26735E720EF5C21004DDE4F /* Build configuration list for PBXNativeTarget "Navigine Example" */ = {
			isa = XCConfigurationList;
			buildConfigurations = (
				F26735E820EF5C21004DDE4F /* Debug */,
				F26735E920EF5C21004DDE4F /* Release */,
			);
			defaultConfigurationIsVisible = 0;
			defaultConfigurationName = Release;
		};
/* End XCConfigurationList section */
	};
	rootObject = F26735CD20EF5C1F004DDE4F /* Project object */;
}
